
Microsoft Visual Studio Solution File, Format Version 12.00
# Visual Studio Version 17
VisualStudioVersion = 17.6.33723.286
MinimumVisualStudioVersion = 10.0.40219.1
Project("{9A19103F-16F7-4668-BE54-9A1E7A4F7556}") = "FirstAPI", "FirstAPI\FirstAPI.csproj", "{261022CF-C70D-4724-BDA3-1A19D5A597B2}"
EndProject
Project("{FAE04EC0-301F-11D3-BF4B-00C04F79EFBC}") = "MusicStore", "MusicStore\MusicStore.csproj", "{F9B6640A-3BB9-4DE9-8AE7-C0546333B8D6}"
EndProject
Global
	GlobalSection(SolutionConfigurationPlatforms) = preSolution
		Debug|Any CPU = Debug|Any CPU
		Release|Any CPU = Release|Any CPU
	EndGlobalSection
	GlobalSection(ProjectConfigurationPlatforms) = postSolution
		{261022CF-C70D-4724-BDA3-1A19D5A597B2}.Debug|Any CPU.ActiveCfg = Debug|Any CPU
		{261022CF-C70D-4724-BDA3-1A19D5A597B2}.Debug|Any CPU.Build.0 = Debug|Any CPU
		{261022CF-C70D-4724-BDA3-1A19D5A597B2}.Release|Any CPU.ActiveCfg = Release|Any CPU
		{261022CF-C70D-4724-BDA3-1A19D5A597B2}.Release|Any CPU.Build.0 = Release|Any CPU
		{F9B6640A-3BB9-4DE9-8AE7-C0546333B8D6}.Debug|Any CPU.ActiveCfg = Debug|Any CPU
		{F9B6640A-3BB9-4DE9-8AE7-C0546333B8D6}.Debug|Any CPU.Build.0 = Debug|Any CPU
		{F9B6640A-3BB9-4DE9-8AE7-C0546333B8D6}.Release|Any CPU.ActiveCfg = Release|Any CPU
		{F9B6640A-3BB9-4DE9-8AE7-C0546333B8D6}.Release|Any CPU.Build.0 = Release|Any CPU
	EndGlobalSection
	GlobalSection(SolutionProperties) = preSolution
		HideSolutionNode = FALSE
	EndGlobalSection
	GlobalSection(ExtensibilityGlobals) = postSolution
		SolutionGuid = {4A9B79CB-D050-4A5F-9DF1-24BD9A807C6C}
	EndGlobalSection
EndGlobal
